
Microsoft Visual Studio Solution File, Format Version 12.00
# Visual Studio Version 17
VisualStudioVersion = 17.6.33723.286
MinimumVisualStudioVersion = 10.0.40219.1
Project("{FAE04EC0-301F-11D3-BF4B-00C04F79EFBC}") = "PDFRenderer", "PDFRenderer.csproj", "{64602583-4ACD-4D5A-AD6B-6C4EFB5D974E}"
EndProject
Global
	GlobalSection(SolutionConfigurationPlatforms) = preSolution
		Debug|Any CPU = Debug|Any CPU
		Release|Any CPU = Release|Any CPU
	EndGlobalSection
	GlobalSection(ProjectConfigurationPlatforms) = postSolution
		{64602583-4ACD-4D5A-AD6B-6C4EFB5D974E}.Debug|Any CPU.ActiveCfg = Debug|Any CPU
		{64602583-4ACD-4D5A-AD6B-6C4EFB5D974E}.Debug|Any CPU.Build.0 = Debug|Any CPU
		{64602583-4ACD-4D5A-AD6B-6C4EFB5D974E}.Release|Any CPU.ActiveCfg = Release|Any CPU
		{64602583-4ACD-4D5A-AD6B-6C4EFB5D974E}.Release|Any CPU.Build.0 = Release|Any CPU
	EndGlobalSection
	GlobalSection(SolutionProperties) = preSolution
		HideSolutionNode = FALSE
	EndGlobalSection
	GlobalSection(ExtensibilityGlobals) = postSolution
		SolutionGuid = {B828E152-647F-47CC-B1E1-05CF9FEB3D47}
	EndGlobalSection
EndGlobal
